
Microsoft Visual Studio Solution File, Format Version 12.00
# Visual Studio 15
VisualStudioVersion = 15.0.28307.572
MinimumVisualStudioVersion = 10.0.40219.1
Project("{8BC9CEB8-8B4A-11D0-8D11-00A0C91BC942}") = "Project7_getdata", "Project7_getdata\Project7_getdata.vcxproj", "{46C87C48-8F52-4DEC-8257-9112CB7A420D}"
EndProject
Global
	GlobalSection(SolutionConfigurationPlatforms) = preSolution
		Debug|x64 = Debug|x64
		Debug|x86 = Debug|x86
		Release|x64 = Release|x64
		Release|x86 = Release|x86
	EndGlobalSection
	GlobalSection(ProjectConfigurationPlatforms) = postSolution
		{46C87C48-8F52-4DEC-8257-9112CB7A420D}.Debug|x64.ActiveCfg = Debug|x64
		{46C87C48-8F52-4DEC-8257-9112CB7A420D}.Debug|x64.Build.0 = Debug|x64
		{46C87C48-8F52-4DEC-8257-9112CB7A420D}.Debug|x86.ActiveCfg = Debug|Win32
		{46C87C48-8F52-4DEC-8257-9112CB7A420D}.Debug|x86.Build.0 = Debug|Win32
		{46C87C48-8F52-4DEC-8257-9112CB7A420D}.Release|x64.ActiveCfg = Release|x64
		{46C87C48-8F52-4DEC-8257-9112CB7A420D}.Release|x64.Build.0 = Release|x64
		{46C87C48-8F52-4DEC-8257-9112CB7A420D}.Release|x86.ActiveCfg = Release|Win32
		{46C87C48-8F52-4DEC-8257-9112CB7A420D}.Release|x86.Build.0 = Release|Win32
	EndGlobalSection
	GlobalSection(SolutionProperties) = preSolution
		HideSolutionNode = FALSE
	EndGlobalSection
	GlobalSection(ExtensibilityGlobals) = postSolution
		SolutionGuid = {F1CEBAF0-371D-47D1-B94A-5A14B8F4429E}
	EndGlobalSection
EndGlobal
